
Microsoft Visual Studio Solution File, Format Version 12.00
# Visual Studio Version 16
VisualStudioVersion = 16.0.29920.165
MinimumVisualStudioVersion = 10.0.40219.1
Project("{FAE04EC0-301F-11D3-BF4B-00C04F79EFBC}") = "HotelManagement.BusinessLayer", "HotelManagement.BusinessLayer\HotelManagement.BusinessLayer.csproj", "{2984D472-464D-40C2-98D7-67376F4A734F}"
EndProject
Project("{FAE04EC0-301F-11D3-BF4B-00C04F79EFBC}") = "HotelManagement.DataLayer", "HotelManagement.DataLayer\HotelManagement.DataLayer.csproj", "{DD39ADA8-4DC8-4FB3-AF66-98B1C8699AB3}"
EndProject
Project("{FAE04EC0-301F-11D3-BF4B-00C04F79EFBC}") = "HotelManagement.Entities", "HotelManagement.Entities\HotelManagement.Entities.csproj", "{5CAA3728-D275-4E67-B163-3DB4E5521BF3}"
EndProject
Project("{FAE04EC0-301F-11D3-BF4B-00C04F79EFBC}") = "HotelManagement.Test", "HotelManagement.Test\HotelManagement.Test.csproj", "{FDCA9252-124F-457A-9A29-428A962FD7C8}"
EndProject
Project("{FAE04EC0-301F-11D3-BF4B-00C04F79EFBC}") = "HotelManagement.Web", "HotelManagement.Web\HotelManagement.Web.csproj", "{E164F27B-7CFA-4145-A8C2-7ACAFB1F9EDA}"
EndProject
Global
	GlobalSection(SolutionConfigurationPlatforms) = preSolution
		Debug|Any CPU = Debug|Any CPU
		Release|Any CPU = Release|Any CPU
	EndGlobalSection
	GlobalSection(ProjectConfigurationPlatforms) = postSolution
		{2984D472-464D-40C2-98D7-67376F4A734F}.Debug|Any CPU.ActiveCfg = Debug|Any CPU
		{2984D472-464D-40C2-98D7-67376F4A734F}.Debug|Any CPU.Build.0 = Debug|Any CPU
		{2984D472-464D-40C2-98D7-67376F4A734F}.Release|Any CPU.ActiveCfg = Release|Any CPU
		{2984D472-464D-40C2-98D7-67376F4A734F}.Release|Any CPU.Build.0 = Release|Any CPU
		{DD39ADA8-4DC8-4FB3-AF66-98B1C8699AB3}.Debug|Any CPU.ActiveCfg = Debug|Any CPU
		{DD39ADA8-4DC8-4FB3-AF66-98B1C8699AB3}.Debug|Any CPU.Build.0 = Debug|Any CPU
		{DD39ADA8-4DC8-4FB3-AF66-98B1C8699AB3}.Release|Any CPU.ActiveCfg = Release|Any CPU
		{DD39ADA8-4DC8-4FB3-AF66-98B1C8699AB3}.Release|Any CPU.Build.0 = Release|Any CPU
		{5CAA3728-D275-4E67-B163-3DB4E5521BF3}.Debug|Any CPU.ActiveCfg = Debug|Any CPU
		{5CAA3728-D275-4E67-B163-3DB4E5521BF3}.Debug|Any CPU.Build.0 = Debug|Any CPU
		{5CAA3728-D275-4E67-B163-3DB4E5521BF3}.Release|Any CPU.ActiveCfg = Release|Any CPU
		{5CAA3728-D275-4E67-B163-3DB4E5521BF3}.Release|Any CPU.Build.0 = Release|Any CPU
		{FDCA9252-124F-457A-9A29-428A962FD7C8}.Debug|Any CPU.ActiveCfg = Debug|Any CPU
		{FDCA9252-124F-457A-9A29-428A962FD7C8}.Debug|Any CPU.Build.0 = Debug|Any CPU
		{FDCA9252-124F-457A-9A29-428A962FD7C8}.Release|Any CPU.ActiveCfg = Release|Any CPU
		{FDCA9252-124F-457A-9A29-428A962FD7C8}.Release|Any CPU.Build.0 = Release|Any CPU
		{E164F27B-7CFA-4145-A8C2-7ACAFB1F9EDA}.Debug|Any CPU.ActiveCfg = Debug|Any CPU
		{E164F27B-7CFA-4145-A8C2-7ACAFB1F9EDA}.Debug|Any CPU.Build.0 = Debug|Any CPU
		{E164F27B-7CFA-4145-A8C2-7ACAFB1F9EDA}.Release|Any CPU.ActiveCfg = Release|Any CPU
		{E164F27B-7CFA-4145-A8C2-7ACAFB1F9EDA}.Release|Any CPU.Build.0 = Release|Any CPU
	EndGlobalSection
	GlobalSection(SolutionProperties) = preSolution
		HideSolutionNode = FALSE
	EndGlobalSection
	GlobalSection(ExtensibilityGlobals) = postSolution
		SolutionGuid = {26AFF713-DB74-4889-A5E3-DD4B6409904A}
	EndGlobalSection
EndGlobal
